Microsoft Visual Studio Solution File, Format Version 12.00
# Visual Studio 2012
Project("{FAE04EC0-301F-11D3-BF4B-00C04F79EFBC}") = "SwitchBot 1.5 (Practice)", "SwitchBot 1.5 (Practice).csproj", "{922A7EFB-7BCC-4868-8D9D-0B057288FEB5}"
EndProject
Global
	GlobalSection(SolutionConfigurationPlatforms) = preSolution
	Debug|Any CPU = Debug|Any CPU
	ExportDebug|Any CPU = ExportDebug|Any CPU
	ExportRelease|Any CPU = ExportRelease|Any CPU
	EndGlobalSection
	GlobalSection(ProjectConfigurationPlatforms) = postSolution
		{922A7EFB-7BCC-4868-8D9D-0B057288FEB5}.Debug|Any CPU.ActiveCfg = Debug|Any CPU
		{922A7EFB-7BCC-4868-8D9D-0B057288FEB5}.Debug|Any CPU.Build.0 = Debug|Any CPU
		{922A7EFB-7BCC-4868-8D9D-0B057288FEB5}.ExportDebug|Any CPU.ActiveCfg = ExportDebug|Any CPU
		{922A7EFB-7BCC-4868-8D9D-0B057288FEB5}.ExportDebug|Any CPU.Build.0 = ExportDebug|Any CPU
		{922A7EFB-7BCC-4868-8D9D-0B057288FEB5}.ExportRelease|Any CPU.ActiveCfg = ExportRelease|Any CPU
		{922A7EFB-7BCC-4868-8D9D-0B057288FEB5}.ExportRelease|Any CPU.Build.0 = ExportRelease|Any CPU
	EndGlobalSection
EndGlobal
